// !$*UTF8*$!
{
	archiveVersion = 1;
	classes = {
	};
	objectVersion = 50;
	objects = {

/* Begin PBXBuildFile section */
		11659FFF20C15F8700D376C5 /* main.cpp in Sources */ = {isa = PBXBuildFile; fileRef = 11659FFE20C15F8700D376C5 /* main.cpp */; };
		1165A00620C15FAA00D376C5 /* Matrix.cpp in Sources */ = {isa = PBXBuildFile; fileRef = 1165A00520C15FAA00D376C5 /* Matrix.cpp */; };
		1165A00820C15FCB00D376C5 /* Vector.cpp in Sources */ = {isa = PBXBuildFile; fileRef = 1165A00720C15FCB00D376C5 /* Vector.cpp */; };
		1165A00B20C15FF200D376C5 /* GLUT.framework in Frameworks */ = {isa = PBXBuildFile; fileRef = 1165A00A20C15FF200D376C5 /* GLUT.framework */; };
		1165A00D20C15FF900D376C5 /* OpenGL.framework in Frameworks */ = {isa = PBXBuildFile; fileRef = 1165A00C20C15FF900D376C5 /* OpenGL.framework */; };
		1165A00F20C162B600D376C5 /* classes.cpp in Sources */ = {isa = PBXBuildFile; fileRef = 1165A00E20C162B600D376C5 /* classes.cpp */; };
/* End PBXBuildFile section */

/* Begin PBXCopyFilesBuildPhase section */
		11659FF920C15F8700D376C5 /* CopyFiles */ = {
			isa = PBXCopyFilesBuildPhase;
			buildActionMask = 2147483647;
			dstPath = /usr/share/man/man1/;
			dstSubfolderSpec = 0;
			files = (
			);
			runOnlyForDeploymentPostprocessing = 1;
		};
/* End PBXCopyFilesBuildPhase section */

/* Begin PBXFileReference section */
		11659FFB20C15F8700D376C5 /* Algoritam_pracenja_zrake */ = {isa = PBXFileReference; explicitFileType = "compiled.mach-o.executable"; includeInIndex = 0; path = Algoritam_pracenja_zrake; sourceTree = BUILT_PRODUCTS_DIR; };
		11659FFE20C15F8700D376C5 /* main.cpp */ = {isa = PBXFileReference; lastKnownFileType = sourcecode.cpp.cpp; path = main.cpp; sourceTree = "<group>"; };
		1165A00520C15FAA00D376C5 /* Matrix.cpp */ = {isa = PBXFileReference; lastKnownFileType = sourcecode.cpp.cpp; path = Matrix.cpp; sourceTree = "<group>"; };
		1165A00720C15FCB00D376C5 /* Vector.cpp */ = {isa = PBXFileReference; lastKnownFileType = sourcecode.cpp.cpp; path = Vector.cpp; sourceTree = "<group>"; };
		1165A00A20C15FF200D376C5 /* GLUT.framework */ = {isa = PBXFileReference; lastKnownFileType = wrapper.framework; name = GLUT.framework; path = System/Library/Frameworks/GLUT.framework; sourceTree = SDKROOT; };
		1165A00C20C15FF900D376C5 /* OpenGL.framework */ = {isa = PBXFileReference; lastKnownFileType = wrapper.framework; name = OpenGL.framework; path = System/Library/Frameworks/OpenGL.framework; sourceTree = SDKROOT; };
		1165A00E20C162B600D376C5 /* classes.cpp */ = {isa = PBXFileReference; lastKnownFileType = sourcecode.cpp.cpp; path = classes.cpp; sourceTree = "<group>"; };
/* End PBXFileReference section */

/* Begin PBXFrameworksBuildPhase section */
		11659FF820C15F8700D376C5 /* Frameworks */ = {
			isa = PBXFrameworksBuildPhase;
			buildActionMask = 2147483647;
			files = (
				1165A00D20C15FF900D376C5 /* OpenGL.framework in Frameworks */,
				1165A00B20C15FF200D376C5 /* GLUT.framework in Frameworks */,
			);
			runOnlyForDeploymentPostprocessing = 0;
		};
/* End PBXFrameworksBuildPhase section */

/* Begin PBXGroup section */
		11659FF220C15F8700D376C5 = {
			isa = PBXGroup;
			children = (
				11659FFD20C15F8700D376C5 /* Algoritam_pracenja_zrake */,
				11659FFC20C15F8700D376C5 /* Products */,
				1165A00920C15FF200D376C5 /* Frameworks */,
			);
			sourceTree = "<group>";
		};
		11659FFC20C15F8700D376C5 /* Products */ = {
			isa = PBXGroup;
			children = (
				11659FFB20C15F8700D376C5 /* Algoritam_pracenja_zrake */,
			);
			name = Products;
			sourceTree = "<group>";
		};
		11659FFD20C15F8700D376C5 /* Algoritam_pracenja_zrake */ = {
			isa = PBXGroup;
			children = (
				11659FFE20C15F8700D376C5 /* main.cpp */,
				1165A00520C15FAA00D376C5 /* Matrix.cpp */,
				1165A00720C15FCB00D376C5 /* Vector.cpp */,
				1165A00E20C162B600D376C5 /* classes.cpp */,
			);
			path = Algoritam_pracenja_zrake;
			sourceTree = "<group>";
		};
		1165A00920C15FF200D376C5 /* Frameworks */ = {
			isa = PBXGroup;
			children = (
				1165A00C20C15FF900D376C5 /* OpenGL.framework */,
				1165A00A20C15FF200D376C5 /* GLUT.framework */,
			);
			name = Frameworks;
			sourceTree = "<group>";
		};
/* End PBXGroup section */

/* Begin PBXNativeTarget section */
		11659FFA20C15F8700D376C5 /* Algoritam_pracenja_zrake */ = {
			isa = PBXNativeTarget;
			buildConfigurationList = 1165A00220C15F8700D376C5 /* Build configuration list for PBXNativeTarget "Algoritam_pracenja_zrake" */;
			buildPhases = (
				11659FF720C15F8700D376C5 /* Sources */,
				11659FF820C15F8700D376C5 /* Frameworks */,
				11659FF920C15F8700D376C5 /* CopyFiles */,
			);
			buildRules = (
			);
			dependencies = (
			);
			name = Algoritam_pracenja_zrake;
			productName = Algoritam_pracenja_zrake;
			productReference = 11659FFB20C15F8700D376C5 /* Algoritam_pracenja_zrake */;
			productType = "com.apple.product-type.tool";
		};
/* End PBXNativeTarget section */

/* Begin PBXProject section */
		11659FF320C15F8700D376C5 /* Project object */ = {
			isa = PBXProject;
			attributes = {
				LastUpgradeCheck = 0930;
				ORGANIZATIONNAME = "Tea Jakić";
				TargetAttributes = {
					11659FFA20C15F8700D376C5 = {
						CreatedOnToolsVersion = 9.3.1;
					};
				};
			};
			buildConfigurationList = 11659FF620C15F8700D376C5 /* Build configuration list for PBXProject "Algoritam_pracenja_zrake" */;
			compatibilityVersion = "Xcode 9.3";
			developmentRegion = en;
			hasScannedForEncodings = 0;
			knownRegions = (
				en,
			);
			mainGroup = 11659FF220C15F8700D376C5;
			productRefGroup = 11659FFC20C15F8700D376C5 /* Products */;
			projectDirPath = "";
			projectRoot = "";
			targets = (
				11659FFA20C15F8700D376C5 /* Algoritam_pracenja_zrake */,
			);
		};
/* End PBXProject section */

/* Begin PBXSourcesBuildPhase section */
		11659FF720C15F8700D376C5 /* Sources */ = {
			isa = PBXSourcesBuildPhase;
			buildActionMask = 2147483647;
			files = (
				1165A00620C15FAA00D376C5 /* Matrix.cpp in Sources */,
				11659FFF20C15F8700D376C5 /* main.cpp in Sources */,
				1165A00F20C162B600D376C5 /* classes.cpp in Sources */,
				1165A00820C15FCB00D376C5 /* Vector.cpp in Sources */,
			);
			runOnlyForDeploymentPostprocessing = 0;
		};
/* End PBXSourcesBuildPhase section */

/* Begin XCBuildConfiguration section */
		1165A00020C15F8700D376C5 /* Debug */ = {
			isa = XCBuildConfiguration;
			buildSettings = {
				ALWAYS_SEARCH_USER_PATHS = NO;
				CLANG_ANALYZER_NONNULL = YES;
				CLANG_ANALYZER_NUMBER_OBJECT_CONVERSION = YES_AGGRESSIVE;
				CLANG_CXX_LANGUAGE_STANDARD = "gnu++14";
				CLANG_CXX_LIBRARY = "libc++";
				CLANG_ENABLE_MODULES = YES;
				CLANG_ENABLE_OBJC_ARC = YES;
				CLANG_ENABLE_OBJC_WEAK = YES;
				CLANG_WARN_BLOCK_CAPTURE_AUTORELEASING = YES;
				CLANG_WARN_BOOL_CONVERSION = YES;
				CLANG_WARN_COMMA = YES;
				CLANG_WARN_CONSTANT_CONVERSION = YES;
				CLANG_WARN_DEPRECATED_OBJC_IMPLEMENTATIONS = YES;
				CLANG_WARN_DIRECT_OBJC_ISA_USAGE = YES_ERROR;
				CLANG_WARN_DOCUMENTATION_COMMENTS = YES;
				CLANG_WARN_EMPTY_BODY = YES;
				CLANG_WARN_ENUM_CONVERSION = YES;
				CLANG_WARN_INFINITE_RECURSION = YES;
				CLANG_WARN_INT_CONVERSION = YES;
				CLANG_WARN_NON_LITERAL_NULL_CONVERSION = YES;
				CLANG_WARN_OBJC_IMPLICIT_RETAIN_SELF = YES;
				CLANG_WARN_OBJC_LITERAL_CONVERSION = YES;
				CLANG_WARN_OBJC_ROOT_CLASS = YES_ERROR;
				CLANG_WARN_RANGE_LOOP_ANALYSIS = YES;
				CLANG_WARN_STRICT_PROTOTYPES = YES;
				CLANG_WARN_SUSPICIOUS_MOVE = YES;
				CLANG_WARN_UNGUARDED_AVAILABILITY = YES_AGGRESSIVE;
				CLANG_WARN_UNREACHABLE_CODE = YES;
				CLANG_WARN__DUPLICATE_METHOD_MATCH = YES;
				CODE_SIGN_IDENTITY = "-";
				COPY_PHASE_STRIP = NO;
				DEBUG_INFORMATION_FORMAT = dwarf;
				ENABLE_STRICT_OBJC_MSGSEND = YES;
				ENABLE_TESTABILITY = YES;
				GCC_C_LANGUAGE_STANDARD = gnu11;
				GCC_DYNAMIC_NO_PIC = NO;
				GCC_NO_COMMON_BLOCKS = YES;
				GCC_OPTIMIZATION_LEVEL = 0;
				GCC_PREPROCESSOR_DEFINITIONS = (
					"DEBUG=1",
					"$(inherited)",
				);
				GCC_WARN_64_TO_32_BIT_CONVERSION = YES;
				GCC_WARN_ABOUT_RETURN_TYPE = YES_ERROR;
				GCC_WARN_UNDECLARED_SELECTOR = YES;
				GCC_WARN_UNINITIALIZED_AUTOS = YES_AGGRESSIVE;
				GCC_WARN_UNUSED_FUNCTION = YES;
				GCC_WARN_UNUSED_VARIABLE = YES;
				MACOSX_DEPLOYMENT_TARGET = 10.13;
				MTL_ENABLE_DEBUG_INFO = YES;
				ONLY_ACTIVE_ARCH = YES;
				SDKROOT = macosx;
			};
			name = Debug;
		};
		1165A00120C15F8700D376C5 /* Release */ = {
			isa = XCBuildConfiguration;
			buildSettings = {
				ALWAYS_SEARCH_USER_PATHS = NO;
				CLANG_ANALYZER_NONNULL = YES;
				CLANG_ANALYZER_NUMBER_OBJECT_CONVERSION = YES_AGGRESSIVE;
				CLANG_CXX_LANGUAGE_STANDARD = "gnu++14";
				CLANG_CXX_LIBRARY = "libc++";
				CLANG_ENABLE_MODULES = YES;
				CLANG_ENABLE_OBJC_ARC = YES;
				CLANG_ENABLE_OBJC_WEAK = YES;
				CLANG_WARN_BLOCK_CAPTURE_AUTORELEASING = YES;
				CLANG_WARN_BOOL_CONVERSION = YES;
				CLANG_WARN_COMMA = YES;
				CLANG_WARN_CONSTANT_CONVERSION = YES;
				CLANG_WARN_DEPRECATED_OBJC_IMPLEMENTATIONS = YES;
				CLANG_WARN_DIRECT_OBJC_ISA_USAGE = YES_ERROR;
				CLANG_WARN_DOCUMENTATION_COMMENTS = YES;
				CLANG_WARN_EMPTY_BODY = YES;
				CLANG_WARN_ENUM_CONVERSION = YES;
				CLANG_WARN_INFINITE_RECURSION = YES;
				CLANG_WARN_INT_CONVERSION = YES;
				CLANG_WARN_NON_LITERAL_NULL_CONVERSION = YES;
				CLANG_WARN_OBJC_IMPLICIT_RETAIN_SELF = YES;
				CLANG_WARN_OBJC_LITERAL_CONVERSION = YES;
				CLANG_WARN_OBJC_ROOT_CLASS = YES_ERROR;
				CLANG_WARN_RANGE_LOOP_ANALYSIS = YES;
				CLANG_WARN_STRICT_PROTOTYPES = YES;
				CLANG_WARN_SUSPICIOUS_MOVE = YES;
				CLANG_WARN_UNGUARDED_AVAILABILITY = YES_AGGRESSIVE;
				CLANG_WARN_UNREACHABLE_CODE = YES;
				CLANG_WARN__DUPLICATE_METHOD_MATCH = YES;
				CODE_SIGN_IDENTITY = "-";
				COPY_PHASE_STRIP = NO;
				DEBUG_INFORMATION_FORMAT = "dwarf-with-dsym";
				ENABLE_NS_ASSERTIONS = NO;
				ENABLE_STRICT_OBJC_MSGSEND = YES;
				GCC_C_LANGUAGE_STANDARD = gnu11;
				GCC_NO_COMMON_BLOCKS = YES;
				GCC_WARN_64_TO_32_BIT_CONVERSION = YES;
				GCC_WARN_ABOUT_RETURN_TYPE = YES_ERROR;
				GCC_WARN_UNDECLARED_SELECTOR = YES;
				GCC_WARN_UNINITIALIZED_AUTOS = YES_AGGRESSIVE;
				GCC_WARN_UNUSED_FUNCTION = YES;
				GCC_WARN_UNUSED_VARIABLE = YES;
				MACOSX_DEPLOYMENT_TARGET = 10.13;
				MTL_ENABLE_DEBUG_INFO = NO;
				SDKROOT = macosx;
			};
			name = Release;
		};
		1165A00320C15F8700D376C5 /* Debug */ = {
			isa = XCBuildConfiguration;
			buildSettings = {
				CODE_SIGN_STYLE = Automatic;
				PRODUCT_NAME = "$(TARGET_NAME)";
			};
			name = Debug;
		};
		1165A00420C15F8700D376C5 /* Release */ = {
			isa = XCBuildConfiguration;
			buildSettings = {
				CODE_SIGN_STYLE = Automatic;
				PRODUCT_NAME = "$(TARGET_NAME)";
			};
			name = Release;
		};
/* End XCBuildConfiguration section */

/* Begin XCConfigurationList section */
		11659FF620C15F8700D376C5 /* Build configuration list for PBXProject "Algoritam_pracenja_zrake" */ = {
			isa = XCConfigurationList;
			buildConfigurations = (
				1165A00020C15F8700D376C5 /* Debug */,
				1165A00120C15F8700D376C5 /* Release */,
			);
			defaultConfigurationIsVisible = 0;
			defaultConfigurationName = Release;
		};
		1165A00220C15F8700D376C5 /* Build configuration list for PBXNativeTarget "Algoritam_pracenja_zrake" */ = {
			isa = XCConfigurationList;
			buildConfigurations = (
				1165A00320C15F8700D376C5 /* Debug */,
				1165A00420C15F8700D376C5 /* Release */,
			);
			defaultConfigurationIsVisible = 0;
			defaultConfigurationName = Release;
		};
/* End XCConfigurationList section */
	};
	rootObject = 11659FF320C15F8700D376C5 /* Project object */;
}
